// !$*UTF8*$!
{
	archiveVersion = 1;
	classes = {
	};
	objectVersion = 48;
	objects = {

/* Begin PBXBuildFile section */
		4F038128200DEBCE0045F4A2 /* LocalCoreDataService.swift in Sources */ = {isa = PBXBuildFile; fileRef = 4F038127200DEBCE0045F4A2 /* LocalCoreDataService.swift */; };
		4F03812E200DFA380045F4A2 /* ListViewController.swift in Sources */ = {isa = PBXBuildFile; fileRef = 4F03812D200DFA380045F4A2 /* ListViewController.swift */; };
		4F038130200DFA4C0045F4A2 /* FavoritesViewController.swift in Sources */ = {isa = PBXBuildFile; fileRef = 4F03812F200DFA4C0045F4A2 /* FavoritesViewController.swift */; };
		4F038132200DFA590045F4A2 /* MovieViewController.swift in Sources */ = {isa = PBXBuildFile; fileRef = 4F038131200DFA590045F4A2 /* MovieViewController.swift */; };
		4F038134200DFEAF0045F4A2 /* MovieCell.swift in Sources */ = {isa = PBXBuildFile; fileRef = 4F038133200DFEAF0045F4A2 /* MovieCell.swift */; };
		4F691F19200CE10B00AAFE62 /* AppDelegate.swift in Sources */ = {isa = PBXBuildFile; fileRef = 4F691F18200CE10B00AAFE62 /* AppDelegate.swift */; };
		4F691F1E200CE10B00AAFE62 /* Main.storyboard in Resources */ = {isa = PBXBuildFile; fileRef = 4F691F1C200CE10B00AAFE62 /* Main.storyboard */; };
		4F691F20200CE10B00AAFE62 /* Assets.xcassets in Resources */ = {isa = PBXBuildFile; fileRef = 4F691F1F200CE10B00AAFE62 /* Assets.xcassets */; };
		4F691F23200CE10B00AAFE62 /* LaunchScreen.storyboard in Resources */ = {isa = PBXBuildFile; fileRef = 4F691F21200CE10B00AAFE62 /* LaunchScreen.storyboard */; };
		4F8287C2200CE682001230A9 /* CoreDataStack.swift in Sources */ = {isa = PBXBuildFile; fileRef = 4F8287C1200CE682001230A9 /* CoreDataStack.swift */; };
		4F8287C5200CFA51001230A9 /* EMDb.xcdatamodeld in Sources */ = {isa = PBXBuildFile; fileRef = 4F8287C3200CFA51001230A9 /* EMDb.xcdatamodeld */; };
		4F8287C7200CFE9D001230A9 /* RemoteiTunesMovieService.swift in Sources */ = {isa = PBXBuildFile; fileRef = 4F8287C6200CFE9D001230A9 /* RemoteiTunesMovieService.swift */; };
		4F8287C9200CFEC5001230A9 /* MovieManaged+Mapping.swift in Sources */ = {isa = PBXBuildFile; fileRef = 4F8287C8200CFEC5001230A9 /* MovieManaged+Mapping.swift */; };
		4F8287CB200CFF04001230A9 /* Movie.swift in Sources */ = {isa = PBXBuildFile; fileRef = 4F8287CA200CFF04001230A9 /* Movie.swift */; };
		BDDD620407D164A000404D35 /* Pods_EMDb.framework in Frameworks */ = {isa = PBXBuildFile; fileRef = 3FF132F9B8B002A850D1F794 /* Pods_EMDb.framework */; };
/* End PBXBuildFile section */

/* Begin PBXFileReference section */
		374CD02C5A333CC0051C4033 /* Pods-EMDb.release.xcconfig */ = {isa = PBXFileReference; includeInIndex = 1; lastKnownFileType = text.xcconfig; name = "Pods-EMDb.release.xcconfig"; path = "Pods/Target Support Files/Pods-EMDb/Pods-EMDb.release.xcconfig"; sourceTree = "<group>"; };
		3FF132F9B8B002A850D1F794 /* Pods_EMDb.framework */ = {isa = PBXFileReference; explicitFileType = wrapper.framework; includeInIndex = 0; path = Pods_EMDb.framework; sourceTree = BUILT_PRODUCTS_DIR; };
		4F038127200DEBCE0045F4A2 /* LocalCoreDataService.swift */ = {isa = PBXFileReference; lastKnownFileType = sourcecode.swift; path = LocalCoreDataService.swift; sourceTree = "<group>"; };
		4F03812D200DFA380045F4A2 /* ListViewController.swift */ = {isa = PBXFileReference; lastKnownFileType = sourcecode.swift; path = ListViewController.swift; sourceTree = "<group>"; };
		4F03812F200DFA4C0045F4A2 /* FavoritesViewController.swift */ = {isa = PBXFileReference; lastKnownFileType = sourcecode.swift; path = FavoritesViewController.swift; sourceTree = "<group>"; };
		4F038131200DFA590045F4A2 /* MovieViewController.swift */ = {isa = PBXFileReference; lastKnownFileType = sourcecode.swift; path = MovieViewController.swift; sourceTree = "<group>"; };
		4F038133200DFEAF0045F4A2 /* MovieCell.swift */ = {isa = PBXFileReference; lastKnownFileType = sourcecode.swift; path = MovieCell.swift; sourceTree = "<group>"; };
		4F691F15200CE10B00AAFE62 /* EMDb.app */ = {isa = PBXFileReference; explicitFileType = wrapper.application; includeInIndex = 0; path = EMDb.app; sourceTree = BUILT_PRODUCTS_DIR; };
		4F691F18200CE10B00AAFE62 /* AppDelegate.swift */ = {isa = PBXFileReference; lastKnownFileType = sourcecode.swift; path = AppDelegate.swift; sourceTree = "<group>"; };
		4F691F1D200CE10B00AAFE62 /* Base */ = {isa = PBXFileReference; lastKnownFileType = file.storyboard; name = Base; path = Base.lproj/Main.storyboard; sourceTree = "<group>"; };
		4F691F1F200CE10B00AAFE62 /* Assets.xcassets */ = {isa = PBXFileReference; lastKnownFileType = folder.assetcatalog; path = Assets.xcassets; sourceTree = "<group>"; };
		4F691F22200CE10B00AAFE62 /* Base */ = {isa = PBXFileReference; lastKnownFileType = file.storyboard; name = Base; path = Base.lproj/LaunchScreen.storyboard; sourceTree = "<group>"; };
		4F691F24200CE10B00AAFE62 /* Info.plist */ = {isa = PBXFileReference; lastKnownFileType = text.plist.xml; path = Info.plist; sourceTree = "<group>"; };
		4F8287C1200CE682001230A9 /* CoreDataStack.swift */ = {isa = PBXFileReference; fileEncoding = 4; lastKnownFileType = sourcecode.swift; path = CoreDataStack.swift; sourceTree = "<group>"; };
		4F8287C4200CFA51001230A9 /* EMDb.xcdatamodel */ = {isa = PBXFileReference; lastKnownFileType = wrapper.xcdatamodel; path = EMDb.xcdatamodel; sourceTree = "<group>"; };
		4F8287C6200CFE9D001230A9 /* RemoteiTunesMovieService.swift */ = {isa = PBXFileReference; lastKnownFileType = sourcecode.swift; path = RemoteiTunesMovieService.swift; sourceTree = "<group>"; };
		4F8287C8200CFEC5001230A9 /* MovieManaged+Mapping.swift */ = {isa = PBXFileReference; lastKnownFileType = sourcecode.swift; path = "MovieManaged+Mapping.swift"; sourceTree = "<group>"; };
		4F8287CA200CFF04001230A9 /* Movie.swift */ = {isa = PBXFileReference; lastKnownFileType = sourcecode.swift; path = Movie.swift; sourceTree = "<group>"; };
		9420A2AAEE6551447806343F /* Pods-EMDb.debug.xcconfig */ = {isa = PBXFileReference; includeInIndex = 1; lastKnownFileType = text.xcconfig; name = "Pods-EMDb.debug.xcconfig"; path = "Pods/Target Support Files/Pods-EMDb/Pods-EMDb.debug.xcconfig"; sourceTree = "<group>"; };
/* End PBXFileReference section */

/* Begin PBXFrameworksBuildPhase section */
		4F691F12200CE10B00AAFE62 /* Frameworks */ = {
			isa = PBXFrameworksBuildPhase;
			buildActionMask = 2147483647;
			files = (
				BDDD620407D164A000404D35 /* Pods_EMDb.framework in Frameworks */,
			);
			runOnlyForDeploymentPostprocessing = 0;
		};
/* End PBXFrameworksBuildPhase section */

/* Begin PBXGroup section */
		4F038129200DF9330045F4A2 /* Model */ = {
			isa = PBXGroup;
			children = (
				4F8287C8200CFEC5001230A9 /* MovieManaged+Mapping.swift */,
				4F8287CA200CFF04001230A9 /* Movie.swift */,
				4F8287C3200CFA51001230A9 /* EMDb.xcdatamodeld */,
				4F038133200DFEAF0045F4A2 /* MovieCell.swift */,
			);
			path = Model;
			sourceTree = "<group>";
		};
		4F03812A200DF93B0045F4A2 /* View */ = {
			isa = PBXGroup;
			children = (
				4F691F1C200CE10B00AAFE62 /* Main.storyboard */,
				4F691F1F200CE10B00AAFE62 /* Assets.xcassets */,
				4F691F21200CE10B00AAFE62 /* LaunchScreen.storyboard */,
			);
			path = View;
			sourceTree = "<group>";
		};
		4F03812B200DF9470045F4A2 /* Controller */ = {
			isa = PBXGroup;
			children = (
				4F691F18200CE10B00AAFE62 /* AppDelegate.swift */,
				4F03812D200DFA380045F4A2 /* ListViewController.swift */,
				4F03812F200DFA4C0045F4A2 /* FavoritesViewController.swift */,
				4F038131200DFA590045F4A2 /* MovieViewController.swift */,
			);
			path = Controller;
			sourceTree = "<group>";
		};
		4F03812C200DF9590045F4A2 /* Service */ = {
			isa = PBXGroup;
			children = (
				4F8287C6200CFE9D001230A9 /* RemoteiTunesMovieService.swift */,
				4F038127200DEBCE0045F4A2 /* LocalCoreDataService.swift */,
				4F8287C1200CE682001230A9 /* CoreDataStack.swift */,
			);
			path = Service;
			sourceTree = "<group>";
		};
		4F691F0C200CE10B00AAFE62 = {
			isa = PBXGroup;
			children = (
				4F691F17200CE10B00AAFE62 /* EMDb */,
				4F691F16200CE10B00AAFE62 /* Products */,
				C5EDB3A6966968D29A76C128 /* Pods */,
				A49C6973FF58B9B84D320AF1 /* Frameworks */,
			);
			sourceTree = "<group>";
		};
		4F691F16200CE10B00AAFE62 /* Products */ = {
			isa = PBXGroup;
			children = (
				4F691F15200CE10B00AAFE62 /* EMDb.app */,
			);
			name = Products;
			sourceTree = "<group>";
		};
		4F691F17200CE10B00AAFE62 /* EMDb */ = {
			isa = PBXGroup;
			children = (
				4F038129200DF9330045F4A2 /* Model */,
				4F03812A200DF93B0045F4A2 /* View */,
				4F03812B200DF9470045F4A2 /* Controller */,
				4F03812C200DF9590045F4A2 /* Service */,
				4F691F24200CE10B00AAFE62 /* Info.plist */,
			);
			path = EMDb;
			sourceTree = "<group>";
		};
		A49C6973FF58B9B84D320AF1 /* Frameworks */ = {
			isa = PBXGroup;
			children = (
				3FF132F9B8B002A850D1F794 /* Pods_EMDb.framework */,
			);
			name = Frameworks;
			sourceTree = "<group>";
		};
		C5EDB3A6966968D29A76C128 /* Pods */ = {
			isa = PBXGroup;
			children = (
				9420A2AAEE6551447806343F /* Pods-EMDb.debug.xcconfig */,
				374CD02C5A333CC0051C4033 /* Pods-EMDb.release.xcconfig */,
			);
			name = Pods;
			sourceTree = "<group>";
		};
/* End PBXGroup section */

/* Begin PBXNativeTarget section */
		4F691F14200CE10B00AAFE62 /* EMDb */ = {
			isa = PBXNativeTarget;
			buildConfigurationList = 4F691F27200CE10B00AAFE62 /* Build configuration list for PBXNativeTarget "EMDb" */;
			buildPhases = (
				BFA50F525E722541DF738DE2 /* [CP] Check Pods Manifest.lock */,
				4F691F11200CE10B00AAFE62 /* Sources */,
				4F691F12200CE10B00AAFE62 /* Frameworks */,
				4F691F13200CE10B00AAFE62 /* Resources */,
				F023450BDA2BA7E9B2B3C1E5 /* [CP] Embed Pods Frameworks */,
				23E7713BF08148125DD098ED /* [CP] Copy Pods Resources */,
			);
			buildRules = (
			);
			dependencies = (
			);
			name = EMDb;
			productName = EMDb;
			productReference = 4F691F15200CE10B00AAFE62 /* EMDb.app */;
			productType = "com.apple.product-type.application";
		};
/* End PBXNativeTarget section */

/* Begin PBXProject section */
		4F691F0D200CE10B00AAFE62 /* Project object */ = {
			isa = PBXProject;
			attributes = {
				LastSwiftUpdateCheck = 0920;
				LastUpgradeCheck = 0920;
				ORGANIZATIONNAME = "Roger Florat";
				TargetAttributes = {
					4F691F14200CE10B00AAFE62 = {
						CreatedOnToolsVersion = 9.2;
						ProvisioningStyle = Automatic;
					};
				};
			};
			buildConfigurationList = 4F691F10200CE10B00AAFE62 /* Build configuration list for PBXProject "EMDb" */;
			compatibilityVersion = "Xcode 8.0";
			developmentRegion = en;
			hasScannedForEncodings = 0;
			knownRegions = (
				en,
				Base,
			);
			mainGroup = 4F691F0C200CE10B00AAFE62;
			productRefGroup = 4F691F16200CE10B00AAFE62 /* Products */;
			projectDirPath = "";
			projectRoot = "";
			targets = (
				4F691F14200CE10B00AAFE62 /* EMDb */,
			);
		};
/* End PBXProject section */

/* Begin PBXResourcesBuildPhase section */
		4F691F13200CE10B00AAFE62 /* Resources */ = {
			isa = PBXResourcesBuildPhase;
			buildActionMask = 2147483647;
			files = (
				4F691F23200CE10B00AAFE62 /* LaunchScreen.storyboard in Resources */,
				4F691F20200CE10B00AAFE62 /* Assets.xcassets in Resources */,
				4F691F1E200CE10B00AAFE62 /* Main.storyboard in Resources */,
			);
			runOnlyForDeploymentPostprocessing = 0;
		};
/* End PBXResourcesBuildPhase section */

/* Begin PBXShellScriptBuildPhase section */
		23E7713BF08148125DD098ED /* [CP] Copy Pods Resources */ = {
			isa = PBXShellScriptBuildPhase;
			buildActionMask = 2147483647;
			files = (
			);
			inputPaths = (
			);
			name = "[CP] Copy Pods Resources";
			outputPaths = (
			);
			runOnlyForDeploymentPostprocessing = 0;
			shellPath = /bin/sh;
			shellScript = "\"${SRCROOT}/Pods/Target Support Files/Pods-EMDb/Pods-EMDb-resources.sh\"\n";
			showEnvVarsInLog = 0;
		};
		BFA50F525E722541DF738DE2 /* [CP] Check Pods Manifest.lock */ = {
			isa = PBXShellScriptBuildPhase;
			buildActionMask = 2147483647;
			files = (
			);
			inputPaths = (
			);
			name = "[CP] Check Pods Manifest.lock";
			outputPaths = (
			);
			runOnlyForDeploymentPostprocessing = 0;
			shellPath = /bin/sh;
			shellScript = "diff \"${PODS_ROOT}/../Podfile.lock\" \"${PODS_ROOT}/Manifest.lock\" > /dev/null\nif [ $? != 0 ] ; then\n    # print error to STDERR\n    echo \"error: The sandbox is not in sync with the Podfile.lock. Run 'pod install' or update your CocoaPods installation.\" >&2\n    exit 1\nfi\n";
			showEnvVarsInLog = 0;
		};
		F023450BDA2BA7E9B2B3C1E5 /* [CP] Embed Pods Frameworks */ = {
			isa = PBXShellScriptBuildPhase;
			buildActionMask = 2147483647;
			files = (
			);
			inputPaths = (
			);
			name = "[CP] Embed Pods Frameworks";
			outputPaths = (
			);
			runOnlyForDeploymentPostprocessing = 0;
			shellPath = /bin/sh;
			shellScript = "\"${SRCROOT}/Pods/Target Support Files/Pods-EMDb/Pods-EMDb-frameworks.sh\"\n";
			showEnvVarsInLog = 0;
		};
/* End PBXShellScriptBuildPhase section */

/* Begin PBXSourcesBuildPhase section */
		4F691F11200CE10B00AAFE62 /* Sources */ = {
			isa = PBXSourcesBuildPhase;
			buildActionMask = 2147483647;
			files = (
				4F8287CB200CFF04001230A9 /* Movie.swift in Sources */,
				4F038132200DFA590045F4A2 /* MovieViewController.swift in Sources */,
				4F038130200DFA4C0045F4A2 /* FavoritesViewController.swift in Sources */,
				4F038134200DFEAF0045F4A2 /* MovieCell.swift in Sources */,
				4F8287C2200CE682001230A9 /* CoreDataStack.swift in Sources */,
				4F8287C7200CFE9D001230A9 /* RemoteiTunesMovieService.swift in Sources */,
				4F8287C5200CFA51001230A9 /* EMDb.xcdatamodeld in Sources */,
				4F038128200DEBCE0045F4A2 /* LocalCoreDataService.swift in Sources */,
				4F691F19200CE10B00AAFE62 /* AppDelegate.swift in Sources */,
				4F03812E200DFA380045F4A2 /* ListViewController.swift in Sources */,
				4F8287C9200CFEC5001230A9 /* MovieManaged+Mapping.swift in Sources */,
			);
			runOnlyForDeploymentPostprocessing = 0;
		};
/* End PBXSourcesBuildPhase section */

/* Begin PBXVariantGroup section */
		4F691F1C200CE10B00AAFE62 /* Main.storyboard */ = {
			isa = PBXVariantGroup;
			children = (
				4F691F1D200CE10B00AAFE62 /* Base */,
			);
			name = Main.storyboard;
			sourceTree = "<group>";
		};
		4F691F21200CE10B00AAFE62 /* LaunchScreen.storyboard */ = {
			isa = PBXVariantGroup;
			children = (
				4F691F22200CE10B00AAFE62 /* Base */,
			);
			name = LaunchScreen.storyboard;
			sourceTree = "<group>";
		};
/* End PBXVariantGroup section */

/* Begin XCBuildConfiguration section */
		4F691F25200CE10B00AAFE62 /* Debug */ = {
			isa = XCBuildConfiguration;
			buildSettings = {
				ALWAYS_SEARCH_USER_PATHS = NO;
				CLANG_ANALYZER_NONNULL = YES;
				CLANG_ANALYZER_NUMBER_OBJECT_CONVERSION = YES_AGGRESSIVE;
				CLANG_CXX_LANGUAGE_STANDARD = "gnu++14";
				CLANG_CXX_LIBRARY = "libc++";
				CLANG_ENABLE_MODULES = YES;
				CLANG_ENABLE_OBJC_ARC = YES;
				CLANG_WARN_BLOCK_CAPTURE_AUTORELEASING = YES;
				CLANG_WARN_BOOL_CONVERSION = YES;
				CLANG_WARN_COMMA = YES;
				CLANG_WARN_CONSTANT_CONVERSION = YES;
				CLANG_WARN_DIRECT_OBJC_ISA_USAGE = YES_ERROR;
				CLANG_WARN_DOCUMENTATION_COMMENTS = YES;
				CLANG_WARN_EMPTY_BODY = YES;
				CLANG_WARN_ENUM_CONVERSION = YES;
				CLANG_WARN_INFINITE_RECURSION = YES;
				CLANG_WARN_INT_CONVERSION = YES;
				CLANG_WARN_NON_LITERAL_NULL_CONVERSION = YES;
				CLANG_WARN_OBJC_LITERAL_CONVERSION = YES;
				CLANG_WARN_OBJC_ROOT_CLASS = YES_ERROR;
				CLANG_WARN_RANGE_LOOP_ANALYSIS = YES;
				CLANG_WARN_STRICT_PROTOTYPES = YES;
				CLANG_WARN_SUSPICIOUS_MOVE = YES;
				CLANG_WARN_UNGUARDED_AVAILABILITY = YES_AGGRESSIVE;
				CLANG_WARN_UNREACHABLE_CODE = YES;
				CLANG_WARN__DUPLICATE_METHOD_MATCH = YES;
				CODE_SIGN_IDENTITY = "iPhone Developer";
				COPY_PHASE_STRIP = NO;
				DEBUG_INFORMATION_FORMAT = dwarf;
				ENABLE_STRICT_OBJC_MSGSEND = YES;
				ENABLE_TESTABILITY = YES;
				GCC_C_LANGUAGE_STANDARD = gnu11;
				GCC_DYNAMIC_NO_PIC = NO;
				GCC_NO_COMMON_BLOCKS = YES;
				GCC_OPTIMIZATION_LEVEL = 0;
				GCC_PREPROCESSOR_DEFINITIONS = (
					"DEBUG=1",
					"$(inherited)",
				);
				GCC_WARN_64_TO_32_BIT_CONVERSION = YES;
				GCC_WARN_ABOUT_RETURN_TYPE = YES_ERROR;
				GCC_WARN_UNDECLARED_SELECTOR = YES;
				GCC_WARN_UNINITIALIZED_AUTOS = YES_AGGRESSIVE;
				GCC_WARN_UNUSED_FUNCTION = YES;
				GCC_WARN_UNUSED_VARIABLE = YES;
				IPHONEOS_DEPLOYMENT_TARGET = 11.2;
				MTL_ENABLE_DEBUG_INFO = YES;
				ONLY_ACTIVE_ARCH = YES;
				SDKROOT = iphoneos;
				SWIFT_ACTIVE_COMPILATION_CONDITIONS = DEBUG;
				SWIFT_OPTIMIZATION_LEVEL = "-Onone";
			};
			name = Debug;
		};
		4F691F26200CE10B00AAFE62 /* Release */ = {
			isa = XCBuildConfiguration;
			buildSettings = {
				ALWAYS_SEARCH_USER_PATHS = NO;
				CLANG_ANALYZER_NONNULL = YES;
				CLANG_ANALYZER_NUMBER_OBJECT_CONVERSION = YES_AGGRESSIVE;
				CLANG_CXX_LANGUAGE_STANDARD = "gnu++14";
				CLANG_CXX_LIBRARY = "libc++";
				CLANG_ENABLE_MODULES = YES;
				CLANG_ENABLE_OBJC_ARC = YES;
				CLANG_WARN_BLOCK_CAPTURE_AUTORELEASING = YES;
				CLANG_WARN_BOOL_CONVERSION = YES;
				CLANG_WARN_COMMA = YES;
				CLANG_WARN_CONSTANT_CONVERSION = YES;
				CLANG_WARN_DIRECT_OBJC_ISA_USAGE = YES_ERROR;
				CLANG_WARN_DOCUMENTATION_COMMENTS = YES;
				CLANG_WARN_EMPTY_BODY = YES;
				CLANG_WARN_ENUM_CONVERSION = YES;
				CLANG_WARN_INFINITE_RECURSION = YES;
				CLANG_WARN_INT_CONVERSION = YES;
				CLANG_WARN_NON_LITERAL_NULL_CONVERSION = YES;
				CLANG_WARN_OBJC_LITERAL_CONVERSION = YES;
				CLANG_WARN_OBJC_ROOT_CLASS = YES_ERROR;
				CLANG_WARN_RANGE_LOOP_ANALYSIS = YES;
				CLANG_WARN_STRICT_PROTOTYPES = YES;
				CLANG_WARN_SUSPICIOUS_MOVE = YES;
				CLANG_WARN_UNGUARDED_AVAILABILITY = YES_AGGRESSIVE;
				CLANG_WARN_UNREACHABLE_CODE = YES;
				CLANG_WARN__DUPLICATE_METHOD_MATCH = YES;
				CODE_SIGN_IDENTITY = "iPhone Developer";
				COPY_PHASE_STRIP = NO;
				DEBUG_INFORMATION_FORMAT = "dwarf-with-dsym";
				ENABLE_NS_ASSERTIONS = NO;
				ENABLE_STRICT_OBJC_MSGSEND = YES;
				GCC_C_LANGUAGE_STANDARD = gnu11;
				GCC_NO_COMMON_BLOCKS = YES;
				GCC_WARN_64_TO_32_BIT_CONVERSION = YES;
				GCC_WARN_ABOUT_RETURN_TYPE = YES_ERROR;
				GCC_WARN_UNDECLARED_SELECTOR = YES;
				GCC_WARN_UNINITIALIZED_AUTOS = YES_AGGRESSIVE;
				GCC_WARN_UNUSED_FUNCTION = YES;
				GCC_WARN_UNUSED_VARIABLE = YES;
				IPHONEOS_DEPLOYMENT_TARGET = 11.2;
				MTL_ENABLE_DEBUG_INFO = NO;
				SDKROOT = iphoneos;
				SWIFT_OPTIMIZATION_LEVEL = "-Owholemodule";
				VALIDATE_PRODUCT = YES;
			};
			name = Release;
		};
		4F691F28200CE10B00AAFE62 /* Debug */ = {
			isa = XCBuildConfiguration;
			baseConfigurationReference = 9420A2AAEE6551447806343F /* Pods-EMDb.debug.xcconfig */;
			buildSettings = {
				ASSETCATALOG_COMPILER_APPICON_NAME = AppIcon;
				CODE_SIGN_STYLE = Automatic;
				DEVELOPMENT_TEAM = 4JN5ZWL7XP;
				INFOPLIST_FILE = EMDb/Info.plist;
				IPHONEOS_DEPLOYMENT_TARGET = 10.0;
				LD_RUNPATH_SEARCH_PATHS = "$(inherited) @executable_path/Frameworks";
				PRODUCT_BUNDLE_IDENTIFIER = com.rogerflorat.EMDb;
				PRODUCT_NAME = "$(TARGET_NAME)";
				SWIFT_VERSION = 4.0;
				TARGETED_DEVICE_FAMILY = 1;
			};
			name = Debug;
		};
		4F691F29200CE10B00AAFE62 /* Release */ = {
			isa = XCBuildConfiguration;
			baseConfigurationReference = 374CD02C5A333CC0051C4033 /* Pods-EMDb.release.xcconfig */;
			buildSettings = {
				ASSETCATALOG_COMPILER_APPICON_NAME = AppIcon;
				CODE_SIGN_STYLE = Automatic;
				DEVELOPMENT_TEAM = 4JN5ZWL7XP;
				INFOPLIST_FILE = EMDb/Info.plist;
				IPHONEOS_DEPLOYMENT_TARGET = 10.0;
				LD_RUNPATH_SEARCH_PATHS = "$(inherited) @executable_path/Frameworks";
				PRODUCT_BUNDLE_IDENTIFIER = com.rogerflorat.EMDb;
				PRODUCT_NAME = "$(TARGET_NAME)";
				SWIFT_VERSION = 4.0;
				TARGETED_DEVICE_FAMILY = 1;
			};
			name = Release;
		};
/* End XCBuildConfiguration section */

/* Begin XCConfigurationList section */
		4F691F10200CE10B00AAFE62 /* Build configuration list for PBXProject "EMDb" */ = {
			isa = XCConfigurationList;
			buildConfigurations = (
				4F691F25200CE10B00AAFE62 /* Debug */,
				4F691F26200CE10B00AAFE62 /* Release */,
			);
			defaultConfigurationIsVisible = 0;
			defaultConfigurationName = Release;
		};
		4F691F27200CE10B00AAFE62 /* Build configuration list for PBXNativeTarget "EMDb" */ = {
			isa = XCConfigurationList;
			buildConfigurations = (
				4F691F28200CE10B00AAFE62 /* Debug */,
				4F691F29200CE10B00AAFE62 /* Release */,
			);
			defaultConfigurationIsVisible = 0;
			defaultConfigurationName = Release;
		};
/* End XCConfigurationList section */

/* Begin XCVersionGroup section */
		4F8287C3200CFA51001230A9 /* EMDb.xcdatamodeld */ = {
			isa = XCVersionGroup;
			children = (
				4F8287C4200CFA51001230A9 /* EMDb.xcdatamodel */,
			);
			currentVersion = 4F8287C4200CFA51001230A9 /* EMDb.xcdatamodel */;
			path = EMDb.xcdatamodeld;
			sourceTree = "<group>";
			versionGroupType = wrapper.xcdatamodel;
		};
/* End XCVersionGroup section */
	};
	rootObject = 4F691F0D200CE10B00AAFE62 /* Project object */;
}
